
Microsoft Visual Studio Solution File, Format Version 12.00
# Visual Studio 15
VisualStudioVersion = 15.0.28307.168
MinimumVisualStudioVersion = 10.0.40219.1
Project("{FAE04EC0-301F-11D3-BF4B-00C04F79EFBC}") = "EnumDrill", "EnumDrill\EnumDrill.csproj", "{06E402D5-4959-4FC8-87AC-58DB1BD96929}"
EndProject
Global
	GlobalSection(SolutionConfigurationPlatforms) = preSolution
		Debug|Any CPU = Debug|Any CPU
		Release|Any CPU = Release|Any CPU
	EndGlobalSection
	GlobalSection(ProjectConfigurationPlatforms) = postSolution
		{06E402D5-4959-4FC8-87AC-58DB1BD96929}.Debug|Any CPU.ActiveCfg = Debug|Any CPU
		{06E402D5-4959-4FC8-87AC-58DB1BD96929}.Debug|Any CPU.Build.0 = Debug|Any CPU
		{06E402D5-4959-4FC8-87AC-58DB1BD96929}.Release|Any CPU.ActiveCfg = Release|Any CPU
		{06E402D5-4959-4FC8-87AC-58DB1BD96929}.Release|Any CPU.Build.0 = Release|Any CPU
	EndGlobalSection
	GlobalSection(SolutionProperties) = preSolution
		HideSolutionNode = FALSE
	EndGlobalSection
	GlobalSection(ExtensibilityGlobals) = postSolution
		SolutionGuid = {814A01E6-EF27-4B3C-9E9E-A743B3C37298}
	EndGlobalSection
EndGlobal
