
Microsoft Visual Studio Solution File, Format Version 12.00
# Visual Studio 15
VisualStudioVersion = 15.0.28307.168
MinimumVisualStudioVersion = 10.0.40219.1
Project("{FAE04EC0-301F-11D3-BF4B-00C04F79EFBC}") = "WelcomeAccounting", "WelcomeAccounting\WelcomeAccounting.csproj", "{179F86F8-A390-49B9-B824-4B7F3CFB451E}"
EndProject
Global
	GlobalSection(SolutionConfigurationPlatforms) = preSolution
		Debug|Any CPU = Debug|Any CPU
		Release|Any CPU = Release|Any CPU
	EndGlobalSection
	GlobalSection(ProjectConfigurationPlatforms) = postSolution
		{179F86F8-A390-49B9-B824-4B7F3CFB451E}.Debug|Any CPU.ActiveCfg = Debug|Any CPU
		{179F86F8-A390-49B9-B824-4B7F3CFB451E}.Debug|Any CPU.Build.0 = Debug|Any CPU
		{179F86F8-A390-49B9-B824-4B7F3CFB451E}.Release|Any CPU.ActiveCfg = Release|Any CPU
		{179F86F8-A390-49B9-B824-4B7F3CFB451E}.Release|Any CPU.Build.0 = Release|Any CPU
	EndGlobalSection
	GlobalSection(SolutionProperties) = preSolution
		HideSolutionNode = FALSE
	EndGlobalSection
	GlobalSection(ExtensibilityGlobals) = postSolution
		SolutionGuid = {A8E949DA-20FC-4DA9-897B-896784B82688}
	EndGlobalSection
EndGlobal
