
Microsoft Visual Studio Solution File, Format Version 12.00
# Visual Studio 15
VisualStudioVersion = 15.0.28307.168
MinimumVisualStudioVersion = 10.0.40219.1
Project("{FAE04EC0-301F-11D3-BF4B-00C04F79EFBC}") = "StringDrill", "StringDrill\StringDrill.csproj", "{06152ABE-39DA-47F8-B8FA-31701DEB4B9B}"
EndProject
Global
	GlobalSection(SolutionConfigurationPlatforms) = preSolution
		Debug|Any CPU = Debug|Any CPU
		Release|Any CPU = Release|Any CPU
	EndGlobalSection
	GlobalSection(ProjectConfigurationPlatforms) = postSolution
		{06152ABE-39DA-47F8-B8FA-31701DEB4B9B}.Debug|Any CPU.ActiveCfg = Debug|Any CPU
		{06152ABE-39DA-47F8-B8FA-31701DEB4B9B}.Debug|Any CPU.Build.0 = Debug|Any CPU
		{06152ABE-39DA-47F8-B8FA-31701DEB4B9B}.Release|Any CPU.ActiveCfg = Release|Any CPU
		{06152ABE-39DA-47F8-B8FA-31701DEB4B9B}.Release|Any CPU.Build.0 = Release|Any CPU
	EndGlobalSection
	GlobalSection(SolutionProperties) = preSolution
		HideSolutionNode = FALSE
	EndGlobalSection
	GlobalSection(ExtensibilityGlobals) = postSolution
		SolutionGuid = {D003535F-B1A2-456B-94AC-1AE4A68CDBC7}
	EndGlobalSection
EndGlobal
